
Microsoft Visual Studio Solution File, Format Version 12.00
# Visual Studio Version 17
VisualStudioVersion = 17.8.34330.188
MinimumVisualStudioVersion = 10.0.40219.1
Project("{9A19103F-16F7-4668-BE54-9A1E7A4F7556}") = "Datum", "Datum\Datum.csproj", "{A71A8DF4-C056-460C-ABEC-43150CC208EA}"
EndProject
Project("{2150E333-8FDC-42A3-9474-1A3956D46DE8}") = "Solution Items", "Solution Items", "{0CF77C35-9190-4E34-BC6A-753E0CE8F46C}"
	ProjectSection(SolutionItems) = preProject
		.editorconfig = .editorconfig
	EndProjectSection
EndProject
Global
	GlobalSection(SolutionConfigurationPlatforms) = preSolution
		Debug|Any CPU = Debug|Any CPU
		Release|Any CPU = Release|Any CPU
	EndGlobalSection
	GlobalSection(ProjectConfigurationPlatforms) = postSolution
		{A71A8DF4-C056-460C-ABEC-43150CC208EA}.Debug|Any CPU.ActiveCfg = Debug|Any CPU
		{A71A8DF4-C056-460C-ABEC-43150CC208EA}.Debug|Any CPU.Build.0 = Debug|Any CPU
		{A71A8DF4-C056-460C-ABEC-43150CC208EA}.Release|Any CPU.ActiveCfg = Release|Any CPU
		{A71A8DF4-C056-460C-ABEC-43150CC208EA}.Release|Any CPU.Build.0 = Release|Any CPU
	EndGlobalSection
	GlobalSection(SolutionProperties) = preSolution
		HideSolutionNode = FALSE
	EndGlobalSection
	GlobalSection(ExtensibilityGlobals) = postSolution
		SolutionGuid = {25483300-7383-43AE-8100-C28C59F14926}
	EndGlobalSection
EndGlobal
